
Microsoft Visual Studio Solution File, Format Version 12.00
# Visual Studio Version 17
VisualStudioVersion = 17.6.33815.320
MinimumVisualStudioVersion = 10.0.40219.1
Project("{9A19103F-16F7-4668-BE54-9A1E7A4F7556}") = "1-day-helloworld", "HelloWorld\1-day-helloworld.csproj", "{CFEB4A05-2CA5-4D2E-9D11-E0DC5292252D}"
EndProject
Project("{9A19103F-16F7-4668-BE54-9A1E7A4F7556}") = "2-day-variables", "2-day-variables\2-day-variables.csproj", "{64C094D3-2AFE-4774-8D1E-8EF50AFD7CB7}"
EndProject
Project("{9A19103F-16F7-4668-BE54-9A1E7A4F7556}") = "3-day-datatypes", "3-day-datatypes\3-day-datatypes.csproj", "{B6E5CD84-D271-42A0-AA48-0DC6206082C9}"
EndProject
Project("{9A19103F-16F7-4668-BE54-9A1E7A4F7556}") = "4-day-userinput-operatorrs-math-strings-booleans", "4-day-userinput-operatorrs-math-strings-booleans\4-day-userinput-operatorrs-math-strings-booleans.csproj", "{7F346A85-F230-487F-A433-0EA5ECDDDA1E}"
EndProject
Project("{9A19103F-16F7-4668-BE54-9A1E7A4F7556}") = "5-day-math-strings-bools", "5-day-math-strings-bools\5-day-math-strings-bools.csproj", "{F593514E-0D7A-47DD-BE35-40262839FC21}"
EndProject
Project("{9A19103F-16F7-4668-BE54-9A1E7A4F7556}") = "7-day-operators-if-switch-loop", "7-day-operators-if-switch-loop\7-day-operators-if-switch-loop.csproj", "{DC351D91-6ADA-4BAC-81E2-A361EC60D403}"
EndProject
Project("{9A19103F-16F7-4668-BE54-9A1E7A4F7556}") = "8-day-methods", "8-day-methods\8-day-methods.csproj", "{19D00E2E-357B-4BA7-BC42-5DC99377FA66}"
EndProject
Project("{9A19103F-16F7-4668-BE54-9A1E7A4F7556}") = "9-day-class-opp", "9-day-class-opp\9-day-class-opp.csproj", "{1CC430FE-6827-4E8D-87C4-5CF1E14E2AE9}"
EndProject
Project("{9A19103F-16F7-4668-BE54-9A1E7A4F7556}") = "10-day-class-definitions-examples-objects", "10-day-class-definitions-examples-objects\10-day-class-definitions-examples-objects.csproj", "{38CDA182-0A31-4766-A81C-76832FB1AC35}"
EndProject
Project("{9A19103F-16F7-4668-BE54-9A1E7A4F7556}") = "11-accessmodifiers", "11-accessmodifiers\11-accessmodifiers.csproj", "{60BAFB97-34B8-4A0F-892D-A89179A44EB0}"
EndProject
Project("{FAE04EC0-301F-11D3-BF4B-00C04F79EFBC}") = "12-properties", "12-properties\12-properties.csproj", "{E1FA4082-DEEF-4384-8222-5CE2CF2AE9E3}"
EndProject
Global
	GlobalSection(SolutionConfigurationPlatforms) = preSolution
		Debug|Any CPU = Debug|Any CPU
		Release|Any CPU = Release|Any CPU
	EndGlobalSection
	GlobalSection(ProjectConfigurationPlatforms) = postSolution
		{CFEB4A05-2CA5-4D2E-9D11-E0DC5292252D}.Debug|Any CPU.ActiveCfg = Debug|Any CPU
		{CFEB4A05-2CA5-4D2E-9D11-E0DC5292252D}.Debug|Any CPU.Build.0 = Debug|Any CPU
		{CFEB4A05-2CA5-4D2E-9D11-E0DC5292252D}.Release|Any CPU.ActiveCfg = Release|Any CPU
		{CFEB4A05-2CA5-4D2E-9D11-E0DC5292252D}.Release|Any CPU.Build.0 = Release|Any CPU
		{64C094D3-2AFE-4774-8D1E-8EF50AFD7CB7}.Debug|Any CPU.ActiveCfg = Debug|Any CPU
		{64C094D3-2AFE-4774-8D1E-8EF50AFD7CB7}.Debug|Any CPU.Build.0 = Debug|Any CPU
		{64C094D3-2AFE-4774-8D1E-8EF50AFD7CB7}.Release|Any CPU.ActiveCfg = Release|Any CPU
		{64C094D3-2AFE-4774-8D1E-8EF50AFD7CB7}.Release|Any CPU.Build.0 = Release|Any CPU
		{B6E5CD84-D271-42A0-AA48-0DC6206082C9}.Debug|Any CPU.ActiveCfg = Debug|Any CPU
		{B6E5CD84-D271-42A0-AA48-0DC6206082C9}.Debug|Any CPU.Build.0 = Debug|Any CPU
		{B6E5CD84-D271-42A0-AA48-0DC6206082C9}.Release|Any CPU.ActiveCfg = Release|Any CPU
		{B6E5CD84-D271-42A0-AA48-0DC6206082C9}.Release|Any CPU.Build.0 = Release|Any CPU
		{7F346A85-F230-487F-A433-0EA5ECDDDA1E}.Debug|Any CPU.ActiveCfg = Debug|Any CPU
		{7F346A85-F230-487F-A433-0EA5ECDDDA1E}.Debug|Any CPU.Build.0 = Debug|Any CPU
		{7F346A85-F230-487F-A433-0EA5ECDDDA1E}.Release|Any CPU.ActiveCfg = Release|Any CPU
		{7F346A85-F230-487F-A433-0EA5ECDDDA1E}.Release|Any CPU.Build.0 = Release|Any CPU
		{F593514E-0D7A-47DD-BE35-40262839FC21}.Debug|Any CPU.ActiveCfg = Debug|Any CPU
		{F593514E-0D7A-47DD-BE35-40262839FC21}.Debug|Any CPU.Build.0 = Debug|Any CPU
		{F593514E-0D7A-47DD-BE35-40262839FC21}.Release|Any CPU.ActiveCfg = Release|Any CPU
		{F593514E-0D7A-47DD-BE35-40262839FC21}.Release|Any CPU.Build.0 = Release|Any CPU
		{DC351D91-6ADA-4BAC-81E2-A361EC60D403}.Debug|Any CPU.ActiveCfg = Debug|Any CPU
		{DC351D91-6ADA-4BAC-81E2-A361EC60D403}.Debug|Any CPU.Build.0 = Debug|Any CPU
		{DC351D91-6ADA-4BAC-81E2-A361EC60D403}.Release|Any CPU.ActiveCfg = Release|Any CPU
		{DC351D91-6ADA-4BAC-81E2-A361EC60D403}.Release|Any CPU.Build.0 = Release|Any CPU
		{19D00E2E-357B-4BA7-BC42-5DC99377FA66}.Debug|Any CPU.ActiveCfg = Debug|Any CPU
		{19D00E2E-357B-4BA7-BC42-5DC99377FA66}.Debug|Any CPU.Build.0 = Debug|Any CPU
		{19D00E2E-357B-4BA7-BC42-5DC99377FA66}.Release|Any CPU.ActiveCfg = Release|Any CPU
		{19D00E2E-357B-4BA7-BC42-5DC99377FA66}.Release|Any CPU.Build.0 = Release|Any CPU
		{1CC430FE-6827-4E8D-87C4-5CF1E14E2AE9}.Debug|Any CPU.ActiveCfg = Debug|Any CPU
		{1CC430FE-6827-4E8D-87C4-5CF1E14E2AE9}.Debug|Any CPU.Build.0 = Debug|Any CPU
		{1CC430FE-6827-4E8D-87C4-5CF1E14E2AE9}.Release|Any CPU.ActiveCfg = Release|Any CPU
		{1CC430FE-6827-4E8D-87C4-5CF1E14E2AE9}.Release|Any CPU.Build.0 = Release|Any CPU
		{38CDA182-0A31-4766-A81C-76832FB1AC35}.Debug|Any CPU.ActiveCfg = Debug|Any CPU
		{38CDA182-0A31-4766-A81C-76832FB1AC35}.Debug|Any CPU.Build.0 = Debug|Any CPU
		{38CDA182-0A31-4766-A81C-76832FB1AC35}.Release|Any CPU.ActiveCfg = Release|Any CPU
		{38CDA182-0A31-4766-A81C-76832FB1AC35}.Release|Any CPU.Build.0 = Release|Any CPU
		{60BAFB97-34B8-4A0F-892D-A89179A44EB0}.Debug|Any CPU.ActiveCfg = Debug|Any CPU
		{60BAFB97-34B8-4A0F-892D-A89179A44EB0}.Debug|Any CPU.Build.0 = Debug|Any CPU
		{60BAFB97-34B8-4A0F-892D-A89179A44EB0}.Release|Any CPU.ActiveCfg = Release|Any CPU
		{60BAFB97-34B8-4A0F-892D-A89179A44EB0}.Release|Any CPU.Build.0 = Release|Any CPU
		{E1FA4082-DEEF-4384-8222-5CE2CF2AE9E3}.Debug|Any CPU.ActiveCfg = Debug|Any CPU
		{E1FA4082-DEEF-4384-8222-5CE2CF2AE9E3}.Debug|Any CPU.Build.0 = Debug|Any CPU
		{E1FA4082-DEEF-4384-8222-5CE2CF2AE9E3}.Release|Any CPU.ActiveCfg = Release|Any CPU
		{E1FA4082-DEEF-4384-8222-5CE2CF2AE9E3}.Release|Any CPU.Build.0 = Release|Any CPU
	EndGlobalSection
	GlobalSection(SolutionProperties) = preSolution
		HideSolutionNode = FALSE
	EndGlobalSection
	GlobalSection(ExtensibilityGlobals) = postSolution
		SolutionGuid = {CAEE2117-B3FE-4C3D-8C7A-E16420326797}
	EndGlobalSection
EndGlobal
